// !$*UTF8*$!
{
	archiveVersion = 1;
	classes = {
	};
	objectVersion = 48;
	objects = {

/* Begin PBXBuildFile section */
		7002E76B20013D9500425858 /* Pin.swift in Sources */ = {isa = PBXBuildFile; fileRef = 7002E76A20013D9500425858 /* Pin.swift */; };
		7002E76D20013D9E00425858 /* Photo.swift in Sources */ = {isa = PBXBuildFile; fileRef = 7002E76C20013D9E00425858 /* Photo.swift */; };
		7002E7972001AC5A00425858 /* PhotoAlbumViewController.swift in Sources */ = {isa = PBXBuildFile; fileRef = 7002E7962001AC5A00425858 /* PhotoAlbumViewController.swift */; };
		7002E7992001AC6E00425858 /* PhotoAlbumMapSectionViewController.swift in Sources */ = {isa = PBXBuildFile; fileRef = 7002E7982001AC6E00425858 /* PhotoAlbumMapSectionViewController.swift */; };
		7002E79D2001AEFF00425858 /* CoreDataCollectionViewController.swift in Sources */ = {isa = PBXBuildFile; fileRef = 7002E79C2001AEFF00425858 /* CoreDataCollectionViewController.swift */; };
		7002E7A12001B7B100425858 /* CollectionViewCell.swift in Sources */ = {isa = PBXBuildFile; fileRef = 7002E79F2001B7B100425858 /* CollectionViewCell.swift */; };
		7002E7A22001B7B100425858 /* CollectionViewCell.xib in Resources */ = {isa = PBXBuildFile; fileRef = 7002E7A02001B7B100425858 /* CollectionViewCell.xib */; };
		703048802002A7FE0082B700 /* PhotoAlbumMapSectionViewController.xib in Resources */ = {isa = PBXBuildFile; fileRef = 7030487F2002A7FD0082B700 /* PhotoAlbumMapSectionViewController.xib */; };
		7030488920047E710082B700 /* PhotoAlbumCollectionViewController.swift in Sources */ = {isa = PBXBuildFile; fileRef = 7030488720047E710082B700 /* PhotoAlbumCollectionViewController.swift */; };
		7030488A20047E710082B700 /* PhotoAlbumCollectionViewController.xib in Resources */ = {isa = PBXBuildFile; fileRef = 7030488820047E710082B700 /* PhotoAlbumCollectionViewController.xib */; };
		704B77B620055D29008600E7 /* FlickerGrabber.swift in Sources */ = {isa = PBXBuildFile; fileRef = 704B77B520055D28008600E7 /* FlickerGrabber.swift */; };
		704B77B820056053008600E7 /* FlickerResponse.swift in Sources */ = {isa = PBXBuildFile; fileRef = 704B77B720056053008600E7 /* FlickerResponse.swift */; };
		704B77BA20058A55008600E7 /* ArrayExtensions.swift in Sources */ = {isa = PBXBuildFile; fileRef = 704B77B920058A55008600E7 /* ArrayExtensions.swift */; };
		709BC9341FFEAB9C003B323C /* AppDelegate.swift in Sources */ = {isa = PBXBuildFile; fileRef = 709BC9331FFEAB9C003B323C /* AppDelegate.swift */; };
		709BC9391FFEAB9C003B323C /* Main.storyboard in Resources */ = {isa = PBXBuildFile; fileRef = 709BC9371FFEAB9C003B323C /* Main.storyboard */; };
		709BC93C1FFEAB9C003B323C /* VirtualTourist.xcdatamodeld in Sources */ = {isa = PBXBuildFile; fileRef = 709BC93A1FFEAB9C003B323C /* VirtualTourist.xcdatamodeld */; };
		709BC93E1FFEAB9C003B323C /* Assets.xcassets in Resources */ = {isa = PBXBuildFile; fileRef = 709BC93D1FFEAB9C003B323C /* Assets.xcassets */; };
		709BC9411FFEAB9C003B323C /* LaunchScreen.storyboard in Resources */ = {isa = PBXBuildFile; fileRef = 709BC93F1FFEAB9C003B323C /* LaunchScreen.storyboard */; };
		709BC94C1FFEAB9C003B323C /* VirtualTouristTests.swift in Sources */ = {isa = PBXBuildFile; fileRef = 709BC94B1FFEAB9C003B323C /* VirtualTouristTests.swift */; };
		709BC9571FFEAB9C003B323C /* VirtualTouristUITests.swift in Sources */ = {isa = PBXBuildFile; fileRef = 709BC9561FFEAB9C003B323C /* VirtualTouristUITests.swift */; };
		709BC9661FFEB7A5003B323C /* CoreDataStack.swift in Sources */ = {isa = PBXBuildFile; fileRef = 709BC9651FFEB7A5003B323C /* CoreDataStack.swift */; };
		709BC9681FFEEBC5003B323C /* TravelLocationsViewController.swift in Sources */ = {isa = PBXBuildFile; fileRef = 709BC9671FFEEBC5003B323C /* TravelLocationsViewController.swift */; };
/* End PBXBuildFile section */

/* Begin PBXContainerItemProxy section */
		709BC9481FFEAB9C003B323C /* PBXContainerItemProxy */ = {
			isa = PBXContainerItemProxy;
			containerPortal = 709BC9281FFEAB9C003B323C /* Project object */;
			proxyType = 1;
			remoteGlobalIDString = 709BC92F1FFEAB9C003B323C;
			remoteInfo = VirtualTourist;
		};
		709BC9531FFEAB9C003B323C /* PBXContainerItemProxy */ = {
			isa = PBXContainerItemProxy;
			containerPortal = 709BC9281FFEAB9C003B323C /* Project object */;
			proxyType = 1;
			remoteGlobalIDString = 709BC92F1FFEAB9C003B323C;
			remoteInfo = VirtualTourist;
		};
/* End PBXContainerItemProxy section */

/* Begin PBXFileReference section */
		7002E76A20013D9500425858 /* Pin.swift */ = {isa = PBXFileReference; lastKnownFileType = sourcecode.swift; path = Pin.swift; sourceTree = "<group>"; };
		7002E76C20013D9E00425858 /* Photo.swift */ = {isa = PBXFileReference; lastKnownFileType = sourcecode.swift; path = Photo.swift; sourceTree = "<group>"; };
		7002E7962001AC5A00425858 /* PhotoAlbumViewController.swift */ = {isa = PBXFileReference; lastKnownFileType = sourcecode.swift; path = PhotoAlbumViewController.swift; sourceTree = "<group>"; };
		7002E7982001AC6E00425858 /* PhotoAlbumMapSectionViewController.swift */ = {isa = PBXFileReference; lastKnownFileType = sourcecode.swift; path = PhotoAlbumMapSectionViewController.swift; sourceTree = "<group>"; };
		7002E79C2001AEFF00425858 /* CoreDataCollectionViewController.swift */ = {isa = PBXFileReference; lastKnownFileType = sourcecode.swift; path = CoreDataCollectionViewController.swift; sourceTree = "<group>"; };
		7002E79F2001B7B100425858 /* CollectionViewCell.swift */ = {isa = PBXFileReference; lastKnownFileType = sourcecode.swift; path = CollectionViewCell.swift; sourceTree = "<group>"; };
		7002E7A02001B7B100425858 /* CollectionViewCell.xib */ = {isa = PBXFileReference; lastKnownFileType = file.xib; path = CollectionViewCell.xib; sourceTree = "<group>"; };
		7030487F2002A7FD0082B700 /* PhotoAlbumMapSectionViewController.xib */ = {isa = PBXFileReference; fileEncoding = 4; lastKnownFileType = file.xib; path = PhotoAlbumMapSectionViewController.xib; sourceTree = "<group>"; };
		7030488720047E710082B700 /* PhotoAlbumCollectionViewController.swift */ = {isa = PBXFileReference; lastKnownFileType = sourcecode.swift; path = PhotoAlbumCollectionViewController.swift; sourceTree = "<group>"; };
		7030488820047E710082B700 /* PhotoAlbumCollectionViewController.xib */ = {isa = PBXFileReference; lastKnownFileType = file.xib; path = PhotoAlbumCollectionViewController.xib; sourceTree = "<group>"; };
		704B77B520055D28008600E7 /* FlickerGrabber.swift */ = {isa = PBXFileReference; lastKnownFileType = sourcecode.swift; path = FlickerGrabber.swift; sourceTree = "<group>"; };
		704B77B720056053008600E7 /* FlickerResponse.swift */ = {isa = PBXFileReference; lastKnownFileType = sourcecode.swift; path = FlickerResponse.swift; sourceTree = "<group>"; };
		704B77B920058A55008600E7 /* ArrayExtensions.swift */ = {isa = PBXFileReference; lastKnownFileType = sourcecode.swift; path = ArrayExtensions.swift; sourceTree = "<group>"; };
		709BC9301FFEAB9C003B323C /* VirtualTourist.app */ = {isa = PBXFileReference; explicitFileType = wrapper.application; includeInIndex = 0; path = VirtualTourist.app; sourceTree = BUILT_PRODUCTS_DIR; };
		709BC9331FFEAB9C003B323C /* AppDelegate.swift */ = {isa = PBXFileReference; lastKnownFileType = sourcecode.swift; path = AppDelegate.swift; sourceTree = "<group>"; };
		709BC9381FFEAB9C003B323C /* Base */ = {isa = PBXFileReference; lastKnownFileType = file.storyboard; name = Base; path = Base.lproj/Main.storyboard; sourceTree = "<group>"; };
		709BC93B1FFEAB9C003B323C /* VirtualTourist.xcdatamodel */ = {isa = PBXFileReference; lastKnownFileType = wrapper.xcdatamodel; path = VirtualTourist.xcdatamodel; sourceTree = "<group>"; };
		709BC93D1FFEAB9C003B323C /* Assets.xcassets */ = {isa = PBXFileReference; lastKnownFileType = folder.assetcatalog; path = Assets.xcassets; sourceTree = "<group>"; };
		709BC9401FFEAB9C003B323C /* Base */ = {isa = PBXFileReference; lastKnownFileType = file.storyboard; name = Base; path = Base.lproj/LaunchScreen.storyboard; sourceTree = "<group>"; };
		709BC9421FFEAB9C003B323C /* Info.plist */ = {isa = PBXFileReference; lastKnownFileType = text.plist.xml; path = Info.plist; sourceTree = "<group>"; };
		709BC9471FFEAB9C003B323C /* VirtualTouristTests.xctest */ = {isa = PBXFileReference; explicitFileType = wrapper.cfbundle; includeInIndex = 0; path = VirtualTouristTests.xctest; sourceTree = BUILT_PRODUCTS_DIR; };
		709BC94B1FFEAB9C003B323C /* VirtualTouristTests.swift */ = {isa = PBXFileReference; lastKnownFileType = sourcecode.swift; path = VirtualTouristTests.swift; sourceTree = "<group>"; };
		709BC94D1FFEAB9C003B323C /* Info.plist */ = {isa = PBXFileReference; lastKnownFileType = text.plist.xml; path = Info.plist; sourceTree = "<group>"; };
		709BC9521FFEAB9C003B323C /* VirtualTouristUITests.xctest */ = {isa = PBXFileReference; explicitFileType = wrapper.cfbundle; includeInIndex = 0; path = VirtualTouristUITests.xctest; sourceTree = BUILT_PRODUCTS_DIR; };
		709BC9561FFEAB9C003B323C /* VirtualTouristUITests.swift */ = {isa = PBXFileReference; lastKnownFileType = sourcecode.swift; path = VirtualTouristUITests.swift; sourceTree = "<group>"; };
		709BC9581FFEAB9C003B323C /* Info.plist */ = {isa = PBXFileReference; lastKnownFileType = text.plist.xml; path = Info.plist; sourceTree = "<group>"; };
		709BC9651FFEB7A5003B323C /* CoreDataStack.swift */ = {isa = PBXFileReference; lastKnownFileType = sourcecode.swift; path = CoreDataStack.swift; sourceTree = "<group>"; };
		709BC9671FFEEBC5003B323C /* TravelLocationsViewController.swift */ = {isa = PBXFileReference; lastKnownFileType = sourcecode.swift; path = TravelLocationsViewController.swift; sourceTree = "<group>"; };
/* End PBXFileReference section */

/* Begin PBXFrameworksBuildPhase section */
		709BC92D1FFEAB9C003B323C /* Frameworks */ = {
			isa = PBXFrameworksBuildPhase;
			buildActionMask = 2147483647;
			files = (
			);
			runOnlyForDeploymentPostprocessing = 0;
		};
		709BC9441FFEAB9C003B323C /* Frameworks */ = {
			isa = PBXFrameworksBuildPhase;
			buildActionMask = 2147483647;
			files = (
			);
			runOnlyForDeploymentPostprocessing = 0;
		};
		709BC94F1FFEAB9C003B323C /* Frameworks */ = {
			isa = PBXFrameworksBuildPhase;
			buildActionMask = 2147483647;
			files = (
			);
			runOnlyForDeploymentPostprocessing = 0;
		};
/* End PBXFrameworksBuildPhase section */

/* Begin PBXGroup section */
		7002E7932001A99800425858 /* Travel Locations Map */ = {
			isa = PBXGroup;
			children = (
				709BC9671FFEEBC5003B323C /* TravelLocationsViewController.swift */,
			);
			path = "Travel Locations Map";
			sourceTree = "<group>";
		};
		7002E7942001A9A400425858 /* Photo Album Container */ = {
			isa = PBXGroup;
			children = (
				7002E7962001AC5A00425858 /* PhotoAlbumViewController.swift */,
				703048852002A9620082B700 /* Sectional Map */,
				703048862002A9790082B700 /* Photo Collection */,
			);
			path = "Photo Album Container";
			sourceTree = "<group>";
		};
		703048852002A9620082B700 /* Sectional Map */ = {
			isa = PBXGroup;
			children = (
				7002E7982001AC6E00425858 /* PhotoAlbumMapSectionViewController.swift */,
				7030487F2002A7FD0082B700 /* PhotoAlbumMapSectionViewController.xib */,
			);
			path = "Sectional Map";
			sourceTree = "<group>";
		};
		703048862002A9790082B700 /* Photo Collection */ = {
			isa = PBXGroup;
			children = (
				7002E79C2001AEFF00425858 /* CoreDataCollectionViewController.swift */,
				7030488720047E710082B700 /* PhotoAlbumCollectionViewController.swift */,
				7030488820047E710082B700 /* PhotoAlbumCollectionViewController.xib */,
				7002E79F2001B7B100425858 /* CollectionViewCell.swift */,
				7002E7A02001B7B100425858 /* CollectionViewCell.xib */,
			);
			path = "Photo Collection";
			sourceTree = "<group>";
		};
		704B77BB20058EAB008600E7 /* Extensions */ = {
			isa = PBXGroup;
			children = (
				704B77B920058A55008600E7 /* ArrayExtensions.swift */,
			);
			path = Extensions;
			sourceTree = "<group>";
		};
		709BC9271FFEAB9C003B323C = {
			isa = PBXGroup;
			children = (
				709BC9321FFEAB9C003B323C /* VirtualTourist */,
				709BC94A1FFEAB9C003B323C /* VirtualTouristTests */,
				709BC9551FFEAB9C003B323C /* VirtualTouristUITests */,
				709BC9311FFEAB9C003B323C /* Products */,
			);
			sourceTree = "<group>";
		};
		709BC9311FFEAB9C003B323C /* Products */ = {
			isa = PBXGroup;
			children = (
				709BC9301FFEAB9C003B323C /* VirtualTourist.app */,
				709BC9471FFEAB9C003B323C /* VirtualTouristTests.xctest */,
				709BC9521FFEAB9C003B323C /* VirtualTouristUITests.xctest */,
			);
			name = Products;
			sourceTree = "<group>";
		};
		709BC9321FFEAB9C003B323C /* VirtualTourist */ = {
			isa = PBXGroup;
			children = (
				709BC9331FFEAB9C003B323C /* AppDelegate.swift */,
				704B77B520055D28008600E7 /* FlickerGrabber.swift */,
				704B77B720056053008600E7 /* FlickerResponse.swift */,
				704B77BB20058EAB008600E7 /* Extensions */,
				709BC9641FFEB79A003B323C /* Models */,
				709BC96B1FFEEBD3003B323C /* View Controllers */,
				709BC9371FFEAB9C003B323C /* Main.storyboard */,
				709BC93D1FFEAB9C003B323C /* Assets.xcassets */,
				709BC93F1FFEAB9C003B323C /* LaunchScreen.storyboard */,
				709BC9421FFEAB9C003B323C /* Info.plist */,
			);
			path = VirtualTourist;
			sourceTree = "<group>";
		};
		709BC94A1FFEAB9C003B323C /* VirtualTouristTests */ = {
			isa = PBXGroup;
			children = (
				709BC94B1FFEAB9C003B323C /* VirtualTouristTests.swift */,
				709BC94D1FFEAB9C003B323C /* Info.plist */,
			);
			path = VirtualTouristTests;
			sourceTree = "<group>";
		};
		709BC9551FFEAB9C003B323C /* VirtualTouristUITests */ = {
			isa = PBXGroup;
			children = (
				709BC9561FFEAB9C003B323C /* VirtualTouristUITests.swift */,
				709BC9581FFEAB9C003B323C /* Info.plist */,
			);
			path = VirtualTouristUITests;
			sourceTree = "<group>";
		};
		709BC9641FFEB79A003B323C /* Models */ = {
			isa = PBXGroup;
			children = (
				709BC93A1FFEAB9C003B323C /* VirtualTourist.xcdatamodeld */,
				709BC9651FFEB7A5003B323C /* CoreDataStack.swift */,
				7002E76A20013D9500425858 /* Pin.swift */,
				7002E76C20013D9E00425858 /* Photo.swift */,
			);
			path = Models;
			sourceTree = "<group>";
		};
		709BC96B1FFEEBD3003B323C /* View Controllers */ = {
			isa = PBXGroup;
			children = (
				7002E7932001A99800425858 /* Travel Locations Map */,
				7002E7942001A9A400425858 /* Photo Album Container */,
			);
			path = "View Controllers";
			sourceTree = "<group>";
		};
/* End PBXGroup section */

/* Begin PBXNativeTarget section */
		709BC92F1FFEAB9C003B323C /* VirtualTourist */ = {
			isa = PBXNativeTarget;
			buildConfigurationList = 709BC95B1FFEAB9C003B323C /* Build configuration list for PBXNativeTarget "VirtualTourist" */;
			buildPhases = (
				709BC92C1FFEAB9C003B323C /* Sources */,
				709BC92D1FFEAB9C003B323C /* Frameworks */,
				709BC92E1FFEAB9C003B323C /* Resources */,
			);
			buildRules = (
			);
			dependencies = (
			);
			name = VirtualTourist;
			productName = VirtualTourist;
			productReference = 709BC9301FFEAB9C003B323C /* VirtualTourist.app */;
			productType = "com.apple.product-type.application";
		};
		709BC9461FFEAB9C003B323C /* VirtualTouristTests */ = {
			isa = PBXNativeTarget;
			buildConfigurationList = 709BC95E1FFEAB9C003B323C /* Build configuration list for PBXNativeTarget "VirtualTouristTests" */;
			buildPhases = (
				709BC9431FFEAB9C003B323C /* Sources */,
				709BC9441FFEAB9C003B323C /* Frameworks */,
				709BC9451FFEAB9C003B323C /* Resources */,
			);
			buildRules = (
			);
			dependencies = (
				709BC9491FFEAB9C003B323C /* PBXTargetDependency */,
			);
			name = VirtualTouristTests;
			productName = VirtualTouristTests;
			productReference = 709BC9471FFEAB9C003B323C /* VirtualTouristTests.xctest */;
			productType = "com.apple.product-type.bundle.unit-test";
		};
		709BC9511FFEAB9C003B323C /* VirtualTouristUITests */ = {
			isa = PBXNativeTarget;
			buildConfigurationList = 709BC9611FFEAB9C003B323C /* Build configuration list for PBXNativeTarget "VirtualTouristUITests" */;
			buildPhases = (
				709BC94E1FFEAB9C003B323C /* Sources */,
				709BC94F1FFEAB9C003B323C /* Frameworks */,
				709BC9501FFEAB9C003B323C /* Resources */,
			);
			buildRules = (
			);
			dependencies = (
				709BC9541FFEAB9C003B323C /* PBXTargetDependency */,
			);
			name = VirtualTouristUITests;
			productName = VirtualTouristUITests;
			productReference = 709BC9521FFEAB9C003B323C /* VirtualTouristUITests.xctest */;
			productType = "com.apple.product-type.bundle.ui-testing";
		};
/* End PBXNativeTarget section */

/* Begin PBXProject section */
		709BC9281FFEAB9C003B323C /* Project object */ = {
			isa = PBXProject;
			attributes = {
				LastSwiftUpdateCheck = 0920;
				LastUpgradeCheck = 0920;
				ORGANIZATIONNAME = "Alec O'Connor";
				TargetAttributes = {
					709BC92F1FFEAB9C003B323C = {
						CreatedOnToolsVersion = 9.2;
						ProvisioningStyle = Automatic;
					};
					709BC9461FFEAB9C003B323C = {
						CreatedOnToolsVersion = 9.2;
						ProvisioningStyle = Automatic;
						TestTargetID = 709BC92F1FFEAB9C003B323C;
					};
					709BC9511FFEAB9C003B323C = {
						CreatedOnToolsVersion = 9.2;
						ProvisioningStyle = Automatic;
						TestTargetID = 709BC92F1FFEAB9C003B323C;
					};
				};
			};
			buildConfigurationList = 709BC92B1FFEAB9C003B323C /* Build configuration list for PBXProject "VirtualTourist" */;
			compatibilityVersion = "Xcode 8.0";
			developmentRegion = en;
			hasScannedForEncodings = 0;
			knownRegions = (
				en,
				Base,
			);
			mainGroup = 709BC9271FFEAB9C003B323C;
			productRefGroup = 709BC9311FFEAB9C003B323C /* Products */;
			projectDirPath = "";
			projectRoot = "";
			targets = (
				709BC92F1FFEAB9C003B323C /* VirtualTourist */,
				709BC9461FFEAB9C003B323C /* VirtualTouristTests */,
				709BC9511FFEAB9C003B323C /* VirtualTouristUITests */,
			);
		};
/* End PBXProject section */

/* Begin PBXResourcesBuildPhase section */
		709BC92E1FFEAB9C003B323C /* Resources */ = {
			isa = PBXResourcesBuildPhase;
			buildActionMask = 2147483647;
			files = (
				709BC9411FFEAB9C003B323C /* LaunchScreen.storyboard in Resources */,
				709BC93E1FFEAB9C003B323C /* Assets.xcassets in Resources */,
				7002E7A22001B7B100425858 /* CollectionViewCell.xib in Resources */,
				709BC9391FFEAB9C003B323C /* Main.storyboard in Resources */,
				703048802002A7FE0082B700 /* PhotoAlbumMapSectionViewController.xib in Resources */,
				7030488A20047E710082B700 /* PhotoAlbumCollectionViewController.xib in Resources */,
			);
			runOnlyForDeploymentPostprocessing = 0;
		};
		709BC9451FFEAB9C003B323C /* Resources */ = {
			isa = PBXResourcesBuildPhase;
			buildActionMask = 2147483647;
			files = (
			);
			runOnlyForDeploymentPostprocessing = 0;
		};
		709BC9501FFEAB9C003B323C /* Resources */ = {
			isa = PBXResourcesBuildPhase;
			buildActionMask = 2147483647;
			files = (
			);
			runOnlyForDeploymentPostprocessing = 0;
		};
/* End PBXResourcesBuildPhase section */

/* Begin PBXSourcesBuildPhase section */
		709BC92C1FFEAB9C003B323C /* Sources */ = {
			isa = PBXSourcesBuildPhase;
			buildActionMask = 2147483647;
			files = (
				7002E76D20013D9E00425858 /* Photo.swift in Sources */,
				7002E76B20013D9500425858 /* Pin.swift in Sources */,
				704B77B620055D29008600E7 /* FlickerGrabber.swift in Sources */,
				709BC9341FFEAB9C003B323C /* AppDelegate.swift in Sources */,
				7002E7972001AC5A00425858 /* PhotoAlbumViewController.swift in Sources */,
				7002E7992001AC6E00425858 /* PhotoAlbumMapSectionViewController.swift in Sources */,
				7030488920047E710082B700 /* PhotoAlbumCollectionViewController.swift in Sources */,
				7002E79D2001AEFF00425858 /* CoreDataCollectionViewController.swift in Sources */,
				709BC93C1FFEAB9C003B323C /* VirtualTourist.xcdatamodeld in Sources */,
				704B77BA20058A55008600E7 /* ArrayExtensions.swift in Sources */,
				709BC9661FFEB7A5003B323C /* CoreDataStack.swift in Sources */,
				704B77B820056053008600E7 /* FlickerResponse.swift in Sources */,
				709BC9681FFEEBC5003B323C /* TravelLocationsViewController.swift in Sources */,
				7002E7A12001B7B100425858 /* CollectionViewCell.swift in Sources */,
			);
			runOnlyForDeploymentPostprocessing = 0;
		};
		709BC9431FFEAB9C003B323C /* Sources */ = {
			isa = PBXSourcesBuildPhase;
			buildActionMask = 2147483647;
			files = (
				709BC94C1FFEAB9C003B323C /* VirtualTouristTests.swift in Sources */,
			);
			runOnlyForDeploymentPostprocessing = 0;
		};
		709BC94E1FFEAB9C003B323C /* Sources */ = {
			isa = PBXSourcesBuildPhase;
			buildActionMask = 2147483647;
			files = (
				709BC9571FFEAB9C003B323C /* VirtualTouristUITests.swift in Sources */,
			);
			runOnlyForDeploymentPostprocessing = 0;
		};
/* End PBXSourcesBuildPhase section */

/* Begin PBXTargetDependency section */
		709BC9491FFEAB9C003B323C /* PBXTargetDependency */ = {
			isa = PBXTargetDependency;
			target = 709BC92F1FFEAB9C003B323C /* VirtualTourist */;
			targetProxy = 709BC9481FFEAB9C003B323C /* PBXContainerItemProxy */;
		};
		709BC9541FFEAB9C003B323C /* PBXTargetDependency */ = {
			isa = PBXTargetDependency;
			target = 709BC92F1FFEAB9C003B323C /* VirtualTourist */;
			targetProxy = 709BC9531FFEAB9C003B323C /* PBXContainerItemProxy */;
		};
/* End PBXTargetDependency section */

/* Begin PBXVariantGroup section */
		709BC9371FFEAB9C003B323C /* Main.storyboard */ = {
			isa = PBXVariantGroup;
			children = (
				709BC9381FFEAB9C003B323C /* Base */,
			);
			name = Main.storyboard;
			sourceTree = "<group>";
		};
		709BC93F1FFEAB9C003B323C /* LaunchScreen.storyboard */ = {
			isa = PBXVariantGroup;
			children = (
				709BC9401FFEAB9C003B323C /* Base */,
			);
			name = LaunchScreen.storyboard;
			sourceTree = "<group>";
		};
/* End PBXVariantGroup section */

/* Begin XCBuildConfiguration section */
		709BC9591FFEAB9C003B323C /* Debug */ = {
			isa = XCBuildConfiguration;
			buildSettings = {
				ALWAYS_SEARCH_USER_PATHS = NO;
				CLANG_ANALYZER_NONNULL = YES;
				CLANG_ANALYZER_NUMBER_OBJECT_CONVERSION = YES_AGGRESSIVE;
				CLANG_CXX_LANGUAGE_STANDARD = "gnu++14";
				CLANG_CXX_LIBRARY = "libc++";
				CLANG_ENABLE_MODULES = YES;
				CLANG_ENABLE_OBJC_ARC = YES;
				CLANG_WARN_BLOCK_CAPTURE_AUTORELEASING = YES;
				CLANG_WARN_BOOL_CONVERSION = YES;
				CLANG_WARN_COMMA = YES;
				CLANG_WARN_CONSTANT_CONVERSION = YES;
				CLANG_WARN_DIRECT_OBJC_ISA_USAGE = YES_ERROR;
				CLANG_WARN_DOCUMENTATION_COMMENTS = YES;
				CLANG_WARN_EMPTY_BODY = YES;
				CLANG_WARN_ENUM_CONVERSION = YES;
				CLANG_WARN_INFINITE_RECURSION = YES;
				CLANG_WARN_INT_CONVERSION = YES;
				CLANG_WARN_NON_LITERAL_NULL_CONVERSION = YES;
				CLANG_WARN_OBJC_LITERAL_CONVERSION = YES;
				CLANG_WARN_OBJC_ROOT_CLASS = YES_ERROR;
				CLANG_WARN_RANGE_LOOP_ANALYSIS = YES;
				CLANG_WARN_STRICT_PROTOTYPES = YES;
				CLANG_WARN_SUSPICIOUS_MOVE = YES;
				CLANG_WARN_UNGUARDED_AVAILABILITY = YES_AGGRESSIVE;
				CLANG_WARN_UNREACHABLE_CODE = YES;
				CLANG_WARN__DUPLICATE_METHOD_MATCH = YES;
				CODE_SIGN_IDENTITY = "iPhone Developer";
				COPY_PHASE_STRIP = NO;
				DEBUG_INFORMATION_FORMAT = dwarf;
				ENABLE_STRICT_OBJC_MSGSEND = YES;
				ENABLE_TESTABILITY = YES;
				GCC_C_LANGUAGE_STANDARD = gnu11;
				GCC_DYNAMIC_NO_PIC = NO;
				GCC_NO_COMMON_BLOCKS = YES;
				GCC_OPTIMIZATION_LEVEL = 0;
				GCC_PREPROCESSOR_DEFINITIONS = (
					"DEBUG=1",
					"$(inherited)",
				);
				GCC_WARN_64_TO_32_BIT_CONVERSION = YES;
				GCC_WARN_ABOUT_RETURN_TYPE = YES_ERROR;
				GCC_WARN_UNDECLARED_SELECTOR = YES;
				GCC_WARN_UNINITIALIZED_AUTOS = YES_AGGRESSIVE;
				GCC_WARN_UNUSED_FUNCTION = YES;
				GCC_WARN_UNUSED_VARIABLE = YES;
				IPHONEOS_DEPLOYMENT_TARGET = 11.2;
				MTL_ENABLE_DEBUG_INFO = YES;
				ONLY_ACTIVE_ARCH = YES;
				SDKROOT = iphoneos;
				SWIFT_ACTIVE_COMPILATION_CONDITIONS = DEBUG;
				SWIFT_OPTIMIZATION_LEVEL = "-Onone";
			};
			name = Debug;
		};
		709BC95A1FFEAB9C003B323C /* Release */ = {
			isa = XCBuildConfiguration;
			buildSettings = {
				ALWAYS_SEARCH_USER_PATHS = NO;
				CLANG_ANALYZER_NONNULL = YES;
				CLANG_ANALYZER_NUMBER_OBJECT_CONVERSION = YES_AGGRESSIVE;
				CLANG_CXX_LANGUAGE_STANDARD = "gnu++14";
				CLANG_CXX_LIBRARY = "libc++";
				CLANG_ENABLE_MODULES = YES;
				CLANG_ENABLE_OBJC_ARC = YES;
				CLANG_WARN_BLOCK_CAPTURE_AUTORELEASING = YES;
				CLANG_WARN_BOOL_CONVERSION = YES;
				CLANG_WARN_COMMA = YES;
				CLANG_WARN_CONSTANT_CONVERSION = YES;
				CLANG_WARN_DIRECT_OBJC_ISA_USAGE = YES_ERROR;
				CLANG_WARN_DOCUMENTATION_COMMENTS = YES;
				CLANG_WARN_EMPTY_BODY = YES;
				CLANG_WARN_ENUM_CONVERSION = YES;
				CLANG_WARN_INFINITE_RECURSION = YES;
				CLANG_WARN_INT_CONVERSION = YES;
				CLANG_WARN_NON_LITERAL_NULL_CONVERSION = YES;
				CLANG_WARN_OBJC_LITERAL_CONVERSION = YES;
				CLANG_WARN_OBJC_ROOT_CLASS = YES_ERROR;
				CLANG_WARN_RANGE_LOOP_ANALYSIS = YES;
				CLANG_WARN_STRICT_PROTOTYPES = YES;
				CLANG_WARN_SUSPICIOUS_MOVE = YES;
				CLANG_WARN_UNGUARDED_AVAILABILITY = YES_AGGRESSIVE;
				CLANG_WARN_UNREACHABLE_CODE = YES;
				CLANG_WARN__DUPLICATE_METHOD_MATCH = YES;
				CODE_SIGN_IDENTITY = "iPhone Developer";
				COPY_PHASE_STRIP = NO;
				DEBUG_INFORMATION_FORMAT = "dwarf-with-dsym";
				ENABLE_NS_ASSERTIONS = NO;
				ENABLE_STRICT_OBJC_MSGSEND = YES;
				GCC_C_LANGUAGE_STANDARD = gnu11;
				GCC_NO_COMMON_BLOCKS = YES;
				GCC_WARN_64_TO_32_BIT_CONVERSION = YES;
				GCC_WARN_ABOUT_RETURN_TYPE = YES_ERROR;
				GCC_WARN_UNDECLARED_SELECTOR = YES;
				GCC_WARN_UNINITIALIZED_AUTOS = YES_AGGRESSIVE;
				GCC_WARN_UNUSED_FUNCTION = YES;
				GCC_WARN_UNUSED_VARIABLE = YES;
				IPHONEOS_DEPLOYMENT_TARGET = 11.2;
				MTL_ENABLE_DEBUG_INFO = NO;
				SDKROOT = iphoneos;
				SWIFT_OPTIMIZATION_LEVEL = "-Owholemodule";
				VALIDATE_PRODUCT = YES;
			};
			name = Release;
		};
		709BC95C1FFEAB9C003B323C /* Debug */ = {
			isa = XCBuildConfiguration;
			buildSettings = {
				ASSETCATALOG_COMPILER_APPICON_NAME = AppIcon;
				CODE_SIGN_STYLE = Automatic;
				DEVELOPMENT_TEAM = 24LJMF7J23;
				INFOPLIST_FILE = VirtualTourist/Info.plist;
				IPHONEOS_DEPLOYMENT_TARGET = 11.0;
				LD_RUNPATH_SEARCH_PATHS = "$(inherited) @executable_path/Frameworks";
				PRODUCT_BUNDLE_IDENTIFIER = com.alecoconnor.VirtualTourist;
				PRODUCT_NAME = "$(TARGET_NAME)";
				SWIFT_VERSION = 4.0;
				TARGETED_DEVICE_FAMILY = "1,2";
			};
			name = Debug;
		};
		709BC95D1FFEAB9C003B323C /* Release */ = {
			isa = XCBuildConfiguration;
			buildSettings = {
				ASSETCATALOG_COMPILER_APPICON_NAME = AppIcon;
				CODE_SIGN_STYLE = Automatic;
				DEVELOPMENT_TEAM = 24LJMF7J23;
				INFOPLIST_FILE = VirtualTourist/Info.plist;
				IPHONEOS_DEPLOYMENT_TARGET = 11.0;
				LD_RUNPATH_SEARCH_PATHS = "$(inherited) @executable_path/Frameworks";
				PRODUCT_BUNDLE_IDENTIFIER = com.alecoconnor.VirtualTourist;
				PRODUCT_NAME = "$(TARGET_NAME)";
				SWIFT_VERSION = 4.0;
				TARGETED_DEVICE_FAMILY = "1,2";
			};
			name = Release;
		};
		709BC95F1FFEAB9C003B323C /* Debug */ = {
			isa = XCBuildConfiguration;
			buildSettings = {
				ALWAYS_EMBED_SWIFT_STANDARD_LIBRARIES = YES;
				BUNDLE_LOADER = "$(TEST_HOST)";
				CODE_SIGN_STYLE = Automatic;
				DEVELOPMENT_TEAM = 24LJMF7J23;
				INFOPLIST_FILE = VirtualTouristTests/Info.plist;
				LD_RUNPATH_SEARCH_PATHS = "$(inherited) @executable_path/Frameworks @loader_path/Frameworks";
				PRODUCT_BUNDLE_IDENTIFIER = com.alecoconnor.VirtualTouristTests;
				PRODUCT_NAME = "$(TARGET_NAME)";
				SWIFT_VERSION = 4.0;
				TARGETED_DEVICE_FAMILY = "1,2";
				TEST_HOST = "$(BUILT_PRODUCTS_DIR)/VirtualTourist.app/VirtualTourist";
			};
			name = Debug;
		};
		709BC9601FFEAB9C003B323C /* Release */ = {
			isa = XCBuildConfiguration;
			buildSettings = {
				ALWAYS_EMBED_SWIFT_STANDARD_LIBRARIES = YES;
				BUNDLE_LOADER = "$(TEST_HOST)";
				CODE_SIGN_STYLE = Automatic;
				DEVELOPMENT_TEAM = 24LJMF7J23;
				INFOPLIST_FILE = VirtualTouristTests/Info.plist;
				LD_RUNPATH_SEARCH_PATHS = "$(inherited) @executable_path/Frameworks @loader_path/Frameworks";
				PRODUCT_BUNDLE_IDENTIFIER = com.alecoconnor.VirtualTouristTests;
				PRODUCT_NAME = "$(TARGET_NAME)";
				SWIFT_VERSION = 4.0;
				TARGETED_DEVICE_FAMILY = "1,2";
				TEST_HOST = "$(BUILT_PRODUCTS_DIR)/VirtualTourist.app/VirtualTourist";
			};
			name = Release;
		};
		709BC9621FFEAB9C003B323C /* Debug */ = {
			isa = XCBuildConfiguration;
			buildSettings = {
				ALWAYS_EMBED_SWIFT_STANDARD_LIBRARIES = YES;
				CODE_SIGN_STYLE = Automatic;
				DEVELOPMENT_TEAM = 24LJMF7J23;
				INFOPLIST_FILE = VirtualTouristUITests/Info.plist;
				LD_RUNPATH_SEARCH_PATHS = "$(inherited) @executable_path/Frameworks @loader_path/Frameworks";
				PRODUCT_BUNDLE_IDENTIFIER = com.alecoconnor.VirtualTouristUITests;
				PRODUCT_NAME = "$(TARGET_NAME)";
				SWIFT_VERSION = 4.0;
				TARGETED_DEVICE_FAMILY = "1,2";
				TEST_TARGET_NAME = VirtualTourist;
			};
			name = Debug;
		};
		709BC9631FFEAB9C003B323C /* Release */ = {
			isa = XCBuildConfiguration;
			buildSettings = {
				ALWAYS_EMBED_SWIFT_STANDARD_LIBRARIES = YES;
				CODE_SIGN_STYLE = Automatic;
				DEVELOPMENT_TEAM = 24LJMF7J23;
				INFOPLIST_FILE = VirtualTouristUITests/Info.plist;
				LD_RUNPATH_SEARCH_PATHS = "$(inherited) @executable_path/Frameworks @loader_path/Frameworks";
				PRODUCT_BUNDLE_IDENTIFIER = com.alecoconnor.VirtualTouristUITests;
				PRODUCT_NAME = "$(TARGET_NAME)";
				SWIFT_VERSION = 4.0;
				TARGETED_DEVICE_FAMILY = "1,2";
				TEST_TARGET_NAME = VirtualTourist;
			};
			name = Release;
		};
/* End XCBuildConfiguration section */

/* Begin XCConfigurationList section */
		709BC92B1FFEAB9C003B323C /* Build configuration list for PBXProject "VirtualTourist" */ = {
			isa = XCConfigurationList;
			buildConfigurations = (
				709BC9591FFEAB9C003B323C /* Debug */,
				709BC95A1FFEAB9C003B323C /* Release */,
			);
			defaultConfigurationIsVisible = 0;
			defaultConfigurationName = Release;
		};
		709BC95B1FFEAB9C003B323C /* Build configuration list for PBXNativeTarget "VirtualTourist" */ = {
			isa = XCConfigurationList;
			buildConfigurations = (
				709BC95C1FFEAB9C003B323C /* Debug */,
				709BC95D1FFEAB9C003B323C /* Release */,
			);
			defaultConfigurationIsVisible = 0;
			defaultConfigurationName = Release;
		};
		709BC95E1FFEAB9C003B323C /* Build configuration list for PBXNativeTarget "VirtualTouristTests" */ = {
			isa = XCConfigurationList;
			buildConfigurations = (
				709BC95F1FFEAB9C003B323C /* Debug */,
				709BC9601FFEAB9C003B323C /* Release */,
			);
			defaultConfigurationIsVisible = 0;
			defaultConfigurationName = Release;
		};
		709BC9611FFEAB9C003B323C /* Build configuration list for PBXNativeTarget "VirtualTouristUITests" */ = {
			isa = XCConfigurationList;
			buildConfigurations = (
				709BC9621FFEAB9C003B323C /* Debug */,
				709BC9631FFEAB9C003B323C /* Release */,
			);
			defaultConfigurationIsVisible = 0;
			defaultConfigurationName = Release;
		};
/* End XCConfigurationList section */

/* Begin XCVersionGroup section */
		709BC93A1FFEAB9C003B323C /* VirtualTourist.xcdatamodeld */ = {
			isa = XCVersionGroup;
			children = (
				709BC93B1FFEAB9C003B323C /* VirtualTourist.xcdatamodel */,
			);
			currentVersion = 709BC93B1FFEAB9C003B323C /* VirtualTourist.xcdatamodel */;
			path = VirtualTourist.xcdatamodeld;
			sourceTree = "<group>";
			versionGroupType = wrapper.xcdatamodel;
		};
/* End XCVersionGroup section */
	};
	rootObject = 709BC9281FFEAB9C003B323C /* Project object */;
}
